dependencies:
- name: fluent-bit
  repository: https://fluent.github.io/helm-charts
  version: 0.56.0
- name: openobserve-standalone
  repository: https://charts.openobserve.ai
  version: 0.80.3
- name: openobserve
  repository: https://charts.openobserve.ai
  version: 0.80.3
digest: sha256:ae682237fb41771cc856e433bd22ec142efec76d08f71497bfb1c3ad3c8b434e
generated: "2026-06-16T09:16:51.89439566Z"
